
Microsoft Visual Studio Solution File, Format Version 12.00
# Visual Studio 2012
Project("{2150E333-8FDC-42A3-9474-1A3956D46DE8}") = "sim", "sim", "{2DC90D8F-A0F4-4AAA-BFF1-6AFAD1BCDCE1}"
EndProject
Project("{FAE04EC0-301F-11D3-BF4B-00C04F79EFBC}") = "time_frame", "sim_harness\time_frame\time_frame\time_frame.csproj", "{E9C8A0A8-16D9-4FEF-AB45-04E9EE9A579E}"
EndProject
Project("{FAE04EC0-301F-11D3-BF4B-00C04F79EFBC}") = "sim_weather", "sim_harness\sim_weather\sim_weather.csproj", "{6CE7D676-2363-46E5-9E2D-A656BEA0F4C2}"
EndProject
Project("{FAE04EC0-301F-11D3-BF4B-00C04F79EFBC}") = "reader", "sim_harness\reader\reader.csproj", "{F6A4BD04-4C7C-47EE-9253-1FF7C1A5C321}"
EndProject
Project("{2150E333-8FDC-42A3-9474-1A3956D46DE8}") = "apis", "apis", "{D2BBD062-46D7-4783-A88C-6B179240DD6F}"
EndProject
Project("{FAE04EC0-301F-11D3-BF4B-00C04F79EFBC}") = "api", "Devices\api\api.csproj", "{DCE2FD21-5B48-4413-A2A2-B55D1B70C7D4}"
EndProject
Project("{FAE04EC0-301F-11D3-BF4B-00C04F79EFBC}") = "HomeAutomationApp", "MobileApp\HomeAutomationApp\HomeAutomationApp.csproj", "{AC72CBBA-8794-44B3-9B9C-590824A63CA6}"
EndProject
Project("{2150E333-8FDC-42A3-9474-1A3956D46DE8}") = "apps", "apps", "{7A18C568-B511-443F-9B80-A347015DA2E1}"
EndProject
Project("{FAE04EC0-301F-11D3-BF4B-00C04F79EFBC}") = "House", "Devices\House\House.csproj", "{06B90FEF-286A-4D04-A6EB-318BC88942BA}"
EndProject
Project("{FAE04EC0-301F-11D3-BF4B-00C04F79EFBC}") = "Sim_Harness_GUI", "sim_harness\Sim_Harness_GUI\Sim_Harness_GUI.csproj", "{B4104772-C10F-45D8-B238-1BC155C6C943}"
EndProject
Project("{FAE04EC0-301F-11D3-BF4B-00C04F79EFBC}") = "HomeAutomationServer", "ServerAPI\HomeAutomationServer\HomeAutomationServer.csproj", "{7334E120-5CFB-43E3-9DD3-B86A6910CCCA}"
EndProject
Project("{FAE04EC0-301F-11D3-BF4B-00C04F79EFBC}") = "HomeAutomationApp.Droid", "MobileApp\Droid\HomeAutomationApp.Droid.csproj", "{E202D33B-EE1B-4575-89BC-5777F6DAD4AB}"
EndProject
Project("{FAE04EC0-301F-11D3-BF4B-00C04F79EFBC}") = "HomeAutomationAppTests", "MobileApp\LogicUnitTests\HomeAutomationAppTests.csproj", "{2E17C883-FFEE-4284-B290-E2149751D970}"
EndProject
Project("{2150E333-8FDC-42A3-9474-1A3956D46DE8}") = "tests", "tests", "{95D49FFA-46D3-44EE-9030-F51863EF2116}"
EndProject
Project("{FAE04EC0-301F-11D3-BF4B-00C04F79EFBC}") = "sim_tests", "sim_harness\sim_tests\sim_tests.csproj", "{99C6E3E4-0AE3-4507-8416-38B32DAC9E56}"
EndProject
Project("{FAE04EC0-301F-11D3-BF4B-00C04F79EFBC}") = "api_tests", "Devices\api_tests\api_tests.csproj", "{337BCC60-C29E-48E3-AE42-39BD2669348C}"
EndProject
Project("{FAE04EC0-301F-11D3-BF4B-00C04F79EFBC}") = "AndroidTesting", "MobileApp\AndroidTesting\AndroidTesting.csproj", "{CEB302F9-5862-4931-B239-DB3DADF5EA40}"
EndProject
Global
	GlobalSection(SolutionConfigurationPlatforms) = preSolution
		Debug|x86 = Debug|x86
		Release|x86 = Release|x86
	EndGlobalSection
	GlobalSection(ProjectConfigurationPlatforms) = postSolution
		{06B90FEF-286A-4D04-A6EB-318BC88942BA}.Debug|x86.ActiveCfg = Debug|Any CPU
		{06B90FEF-286A-4D04-A6EB-318BC88942BA}.Debug|x86.Build.0 = Debug|Any CPU
		{06B90FEF-286A-4D04-A6EB-318BC88942BA}.Release|x86.ActiveCfg = Release|Any CPU
		{06B90FEF-286A-4D04-A6EB-318BC88942BA}.Release|x86.Build.0 = Release|Any CPU
		{2E17C883-FFEE-4284-B290-E2149751D970}.Debug|x86.ActiveCfg = Debug|Any CPU
		{2E17C883-FFEE-4284-B290-E2149751D970}.Debug|x86.Build.0 = Debug|Any CPU
		{2E17C883-FFEE-4284-B290-E2149751D970}.Release|x86.ActiveCfg = Release|Any CPU
		{2E17C883-FFEE-4284-B290-E2149751D970}.Release|x86.Build.0 = Release|Any CPU
		{337BCC60-C29E-48E3-AE42-39BD2669348C}.Debug|x86.ActiveCfg = Debug|Any CPU
		{337BCC60-C29E-48E3-AE42-39BD2669348C}.Debug|x86.Build.0 = Debug|Any CPU
		{337BCC60-C29E-48E3-AE42-39BD2669348C}.Release|x86.ActiveCfg = Release|Any CPU
		{337BCC60-C29E-48E3-AE42-39BD2669348C}.Release|x86.Build.0 = Release|Any CPU
		{6CE7D676-2363-46E5-9E2D-A656BEA0F4C2}.Debug|x86.ActiveCfg = Debug|Any CPU
		{6CE7D676-2363-46E5-9E2D-A656BEA0F4C2}.Debug|x86.Build.0 = Debug|Any CPU
		{6CE7D676-2363-46E5-9E2D-A656BEA0F4C2}.Release|x86.ActiveCfg = Release|Any CPU
		{6CE7D676-2363-46E5-9E2D-A656BEA0F4C2}.Release|x86.Build.0 = Release|Any CPU
		{7334E120-5CFB-43E3-9DD3-B86A6910CCCA}.Debug|x86.ActiveCfg = Debug|Any CPU
		{7334E120-5CFB-43E3-9DD3-B86A6910CCCA}.Debug|x86.Build.0 = Debug|Any CPU
		{7334E120-5CFB-43E3-9DD3-B86A6910CCCA}.Release|x86.ActiveCfg = Release|Any CPU
		{7334E120-5CFB-43E3-9DD3-B86A6910CCCA}.Release|x86.Build.0 = Release|Any CPU
		{99C6E3E4-0AE3-4507-8416-38B32DAC9E56}.Debug|x86.ActiveCfg = Debug|Any CPU
		{99C6E3E4-0AE3-4507-8416-38B32DAC9E56}.Debug|x86.Build.0 = Debug|Any CPU
		{99C6E3E4-0AE3-4507-8416-38B32DAC9E56}.Release|x86.ActiveCfg = Release|Any CPU
		{99C6E3E4-0AE3-4507-8416-38B32DAC9E56}.Release|x86.Build.0 = Release|Any CPU
		{AC72CBBA-8794-44B3-9B9C-590824A63CA6}.Debug|x86.ActiveCfg = Debug|Any CPU
		{AC72CBBA-8794-44B3-9B9C-590824A63CA6}.Debug|x86.Build.0 = Debug|Any CPU
		{AC72CBBA-8794-44B3-9B9C-590824A63CA6}.Release|x86.ActiveCfg = Release|Any CPU
		{AC72CBBA-8794-44B3-9B9C-590824A63CA6}.Release|x86.Build.0 = Release|Any CPU
		{B4104772-C10F-45D8-B238-1BC155C6C943}.Debug|x86.ActiveCfg = Debug|Any CPU
		{B4104772-C10F-45D8-B238-1BC155C6C943}.Debug|x86.Build.0 = Debug|Any CPU
		{B4104772-C10F-45D8-B238-1BC155C6C943}.Release|x86.ActiveCfg = Release|Any CPU
		{B4104772-C10F-45D8-B238-1BC155C6C943}.Release|x86.Build.0 = Release|Any CPU
		{CEB302F9-5862-4931-B239-DB3DADF5EA40}.Debug|x86.ActiveCfg = Debug|Any CPU
		{CEB302F9-5862-4931-B239-DB3DADF5EA40}.Debug|x86.Build.0 = Debug|Any CPU
		{CEB302F9-5862-4931-B239-DB3DADF5EA40}.Release|x86.ActiveCfg = Release|Any CPU
		{CEB302F9-5862-4931-B239-DB3DADF5EA40}.Release|x86.Build.0 = Release|Any CPU
		{DCE2FD21-5B48-4413-A2A2-B55D1B70C7D4}.Debug|x86.ActiveCfg = Debug|Any CPU
		{DCE2FD21-5B48-4413-A2A2-B55D1B70C7D4}.Debug|x86.Build.0 = Debug|Any CPU
		{DCE2FD21-5B48-4413-A2A2-B55D1B70C7D4}.Release|x86.ActiveCfg = Release|Any CPU
		{DCE2FD21-5B48-4413-A2A2-B55D1B70C7D4}.Release|x86.Build.0 = Release|Any CPU
		{E202D33B-EE1B-4575-89BC-5777F6DAD4AB}.Debug|x86.ActiveCfg = Debug|Any CPU
		{E202D33B-EE1B-4575-89BC-5777F6DAD4AB}.Debug|x86.Build.0 = Debug|Any CPU
		{E202D33B-EE1B-4575-89BC-5777F6DAD4AB}.Release|x86.ActiveCfg = Release|Any CPU
		{E202D33B-EE1B-4575-89BC-5777F6DAD4AB}.Release|x86.Build.0 = Release|Any CPU
		{E9C8A0A8-16D9-4FEF-AB45-04E9EE9A579E}.Debug|x86.ActiveCfg = Debug|Any CPU
		{E9C8A0A8-16D9-4FEF-AB45-04E9EE9A579E}.Debug|x86.Build.0 = Debug|Any CPU
		{E9C8A0A8-16D9-4FEF-AB45-04E9EE9A579E}.Release|x86.ActiveCfg = Release|Any CPU
		{E9C8A0A8-16D9-4FEF-AB45-04E9EE9A579E}.Release|x86.Build.0 = Release|Any CPU
		{F6A4BD04-4C7C-47EE-9253-1FF7C1A5C321}.Debug|x86.ActiveCfg = Debug|Any CPU
		{F6A4BD04-4C7C-47EE-9253-1FF7C1A5C321}.Debug|x86.Build.0 = Debug|Any CPU
		{F6A4BD04-4C7C-47EE-9253-1FF7C1A5C321}.Release|x86.ActiveCfg = Release|Any CPU
		{F6A4BD04-4C7C-47EE-9253-1FF7C1A5C321}.Release|x86.Build.0 = Release|Any CPU
	EndGlobalSection
	GlobalSection(NestedProjects) = preSolution
		{E9C8A0A8-16D9-4FEF-AB45-04E9EE9A579E} = {2DC90D8F-A0F4-4AAA-BFF1-6AFAD1BCDCE1}
		{6CE7D676-2363-46E5-9E2D-A656BEA0F4C2} = {2DC90D8F-A0F4-4AAA-BFF1-6AFAD1BCDCE1}
		{F6A4BD04-4C7C-47EE-9253-1FF7C1A5C321} = {2DC90D8F-A0F4-4AAA-BFF1-6AFAD1BCDCE1}
		{DCE2FD21-5B48-4413-A2A2-B55D1B70C7D4} = {D2BBD062-46D7-4783-A88C-6B179240DD6F}
		{AC72CBBA-8794-44B3-9B9C-590824A63CA6} = {D2BBD062-46D7-4783-A88C-6B179240DD6F}
		{06B90FEF-286A-4D04-A6EB-318BC88942BA} = {7A18C568-B511-443F-9B80-A347015DA2E1}
		{B4104772-C10F-45D8-B238-1BC155C6C943} = {7A18C568-B511-443F-9B80-A347015DA2E1}
		{7334E120-5CFB-43E3-9DD3-B86A6910CCCA} = {7A18C568-B511-443F-9B80-A347015DA2E1}
		{E202D33B-EE1B-4575-89BC-5777F6DAD4AB} = {7A18C568-B511-443F-9B80-A347015DA2E1}
		{2E17C883-FFEE-4284-B290-E2149751D970} = {7A18C568-B511-443F-9B80-A347015DA2E1}
		{99C6E3E4-0AE3-4507-8416-38B32DAC9E56} = {95D49FFA-46D3-44EE-9030-F51863EF2116}
		{337BCC60-C29E-48E3-AE42-39BD2669348C} = {95D49FFA-46D3-44EE-9030-F51863EF2116}
		{CEB302F9-5862-4931-B239-DB3DADF5EA40} = {95D49FFA-46D3-44EE-9030-F51863EF2116}
	EndGlobalSection
	GlobalSection(MonoDevelopProperties) = preSolution
		Policies = $0
		$0.TextStylePolicy = $1
		$1.inheritsSet = null
		$1.scope = text/x-csharp
		$0.CSharpFormattingPolicy = $2
		$2.IndentNamespaceBody = False
		$2.AnonymousMethodBraceStyle = NextLine
		$2.PropertyBraceStyle = NextLine
		$2.PropertyGetBraceStyle = NextLine
		$2.PropertySetBraceStyle = NextLine
		$2.StatementBraceStyle = NextLine
		$2.ElseNewLinePlacement = NewLine
		$2.ElseIfNewLinePlacement = NewLine
		$2.CatchNewLinePlacement = NewLine
		$2.FinallyNewLinePlacement = NewLine
		$2.WhileNewLinePlacement = NewLine
		$2.BeforeMethodDeclarationParentheses = False
		$2.BeforeMethodCallParentheses = False
		$2.BeforeConstructorDeclarationParentheses = False
		$2.NewLineAfterConstructorInitializerColon = NewLine
		$2.BeforeIndexerDeclarationBracket = False
		$2.BeforeDelegateDeclarationParentheses = False
		$2.AfterDelegateDeclarationParameterComma = True
		$2.NewParentheses = False
		$2.IfParentheses = False
		$2.WhileParentheses = False
		$2.ForParentheses = False
		$2.ForeachParentheses = False
		$2.CatchParentheses = False
		$2.SwitchParentheses = False
		$2.LockParentheses = False
		$2.UsingParentheses = False
		$2.SpacesBeforeBrackets = False
		$2.MethodDeclarationParameterWrapping = WrapIfTooLong
		$2.inheritsSet = Mono
		$2.inheritsScope = text/x-csharp
		$2.scope = text/x-csharp
		$0.DotNetNamingPolicy = $3
		$3.DirectoryNamespaceAssociation = None
		$3.ResourceNamePolicy = FileFormatDefault
	EndGlobalSection
EndGlobal
